
Microsoft Visual Studio Solution File, Format Version 12.00
# Visual Studio 15
VisualStudioVersion = 15.0.28307.572
MinimumVisualStudioVersion = 10.0.40219.1
Project("{FAE04EC0-301F-11D3-BF4B-00C04F79EFBC}") = "GenericBinarySearchTree", "GenericBinarySearchTree\GenericBinarySearchTree.csproj", "{D427A001-4CB6-4FBF-B95A-F226A9B32FCC}"
EndProject
Project("{FAE04EC0-301F-11D3-BF4B-00C04F79EFBC}") = "TestGenericBinarySearchTree", "TestGenericBinarySearchTree\TestGenericBinarySearchTree.csproj", "{F05BB381-2833-4AC0-8476-70ABCC85FEDD}"
EndProject
Global
	GlobalSection(SolutionConfigurationPlatforms) = preSolution
		Debug|Any CPU = Debug|Any CPU
		Release|Any CPU = Release|Any CPU
	EndGlobalSection
	GlobalSection(ProjectConfigurationPlatforms) = postSolution
		{D427A001-4CB6-4FBF-B95A-F226A9B32FCC}.Debug|Any CPU.ActiveCfg = Debug|Any CPU
		{D427A001-4CB6-4FBF-B95A-F226A9B32FCC}.Debug|Any CPU.Build.0 = Debug|Any CPU
		{D427A001-4CB6-4FBF-B95A-F226A9B32FCC}.Release|Any CPU.ActiveCfg = Release|Any CPU
		{D427A001-4CB6-4FBF-B95A-F226A9B32FCC}.Release|Any CPU.Build.0 = Release|Any CPU
		{F05BB381-2833-4AC0-8476-70ABCC85FEDD}.Debug|Any CPU.ActiveCfg = Debug|Any CPU
		{F05BB381-2833-4AC0-8476-70ABCC85FEDD}.Debug|Any CPU.Build.0 = Debug|Any CPU
		{F05BB381-2833-4AC0-8476-70ABCC85FEDD}.Release|Any CPU.ActiveCfg = Release|Any CPU
		{F05BB381-2833-4AC0-8476-70ABCC85FEDD}.Release|Any CPU.Build.0 = Release|Any CPU
	EndGlobalSection
	GlobalSection(SolutionProperties) = preSolution
		HideSolutionNode = FALSE
	EndGlobalSection
	GlobalSection(ExtensibilityGlobals) = postSolution
		SolutionGuid = {E0F51085-0649-4BEB-96CF-948F09F45884}
	EndGlobalSection
EndGlobal
